cloud.google.com/go v0.26.0/go.mod h1:aQUYkXzVsufM+DwF1aE+0xfcU+56JwCaLick0ClmMTw=
cloud.google.com/go v0.34.0/go.mod h1:aQUYkXzVsufM+DwF1aE+0xfcU+56JwCaLick0ClmMTw=
github.com/aws/aws-sdk-go v1.16.2 h1:nlD5jfFLa/EN/Ag1B2UAI2YtE0oFSN+YJWh1uicKGss=
github.com/aws/aws-sdk-go v1.16.2/go.mod h1:KmX6BPdI08NWTb3/sm4ZGu5ShLoqVDhKgpiN924inxo=
github.com/aws/aws-sdk-go v1.16.6 h1:pig/KdfESvIv4gUu1B8nVAJAURxbPCTt6e5u79Nqxqc=
github.com/aws/aws-sdk-go v1.16.6/go.mod h1:KmX6BPdI08NWTb3/sm4ZGu5ShLoqVDhKgpiN924inxo=
github.com/bmatcuk/doublestar v1.1.1 h1:YroD6BJCZBYx06yYFEWvUuKVWQn3vLLQAVmDmvTSaiQ=
github.com/bmatcuk/doublestar v1.1.1/go.mod h1:UD6OnuiIn0yFxxA2le/rnRU1G4RaI4UvFv1sNto9p6w=
github.com/boltdb/bolt v1.3.1 h1:JQmyP4ZBrce+ZQu0dY660FMfatumYDLun9hBCUVIkF4=
github.com/boltdb/bolt v1.3.1/go.mod h1:clJnj/oiGkjum5o1McbSZDSLxVThjynRyGBgiAx27Ps=
github.com/cespare/trie v0.0.0-20150610204604-3fe1a95cbba9 h1:dumfMK24rLnvfJrI7VK9nUw+HntxzWpxf/6kST6tL2o=
github.com/cespare/trie v0.0.0-20150610204604-3fe1a95cbba9/go.mod h1:MCsKum/O9rTzo1Z6ubBQJKJIm76t+3/4A/cD79RMN1Q=
github.com/client9/misspell v0.3.4/go.mod h1:qj6jICC3Q7zFZvVWo7KLAzC3yx5G7kyvSDkc90ppPyw=
github.com/davecgh/go-spew v1.1.1 h1:vj9j/u1bqnvCEfJOwUhtlOARqs3+rkHYY13jYWTU97c=
github.com/davecgh/go-spew v1.1.1/go.mod h1:J7Y8YcW2NihsgmVo/mv3lAwl/skON4iLHjSsI+c5H38=
github.com/gobwas/glob v0.2.3/go.mod h1:d3Ez4x06l9bZtSvzIay5+Yzi0fmZzPgnTbPcKjJAkT8=
github.com/golang/glog v0.0.0-20160126235308-23def4e6c14b h1:VKtxabqXZkF25pY9ekfRL6a582T4P37/31XEstQ5p58=
github.com/golang/glog v0.0.0-20160126235308-23def4e6c14b/go.mod h1:SBH7ygxi8pfUlaOkMMuAQtPIUF8ecWP5IEl/CR7VP2Q=
github.com/golang/lint v0.0.0-20180702182130-06c8688daad7/go.mod h1:tluoj9z5200jBnyusfRPU2LqT6J+DAorxEvtC7LHB+E=
github.com/golang/lint v0.0.0-20181212231659-93c0bb5c8393/go.mod h1:tluoj9z5200jBnyusfRPU2LqT6J+DAorxEvtC7LHB+E=
github.com/golang/lint v0.0.0-20181217174547-8f45f776aaf1/go.mod h1:tluoj9z5200jBnyusfRPU2LqT6J+DAorxEvtC7LHB+E=
github.com/golang/mock v1.1.1/go.mod h1:oTYuIxOrZwtPieC+H1uAHpcLFnEyAGVDL/k47Jfbm0A=
github.com/golang/mock v1.2.0/go.mod h1:oTYuIxOrZwtPieC+H1uAHpcLFnEyAGVDL/k47Jfbm0A=
github.com/golang/protobuf v1.2.0 h1:P3YflyNX/ehuJFLhxviNdFxQPkGK5cDcApsge1SqnvM=
github.com/golang/protobuf v1.2.0/go.mod h1:6lQm79b+lXiMfvg/cZm0SGofjICqVBUtrP5yJMmIC1U=
github.com/hashicorp/go-hclog v0.0.0-20180709165350-ff2cf002a8dd/go.mod h1:9bjs9uLqI8l75knNv3lV1kA55veR+WUPSiKIWcQHudI=
github.com/hashicorp/go-hclog v0.0.0-20181001195459-61d530d6c27f h1:Yv9YzBlAETjy6AOX9eLBZ3nshNVRREgerT/3nvxlGho=
github.com/hashicorp/go-hclog v0.0.0-20181001195459-61d530d6c27f/go.mod h1:5CU+agLiy3J7N7QjHK5d05KxGsuXiQLrjA0H7acj2lQ=
github.com/hashicorp/go-plugin v0.0.0-20181030172320-54b6ff97d818 h1:wA1XRGBHMdpio0gcKUtnmkwSIlCAG1qzpsr+iPyi3Y8=
github.com/hashicorp/go-plugin v0.0.0-20181030172320-54b6ff97d818/go.mod h1:Ft7ju2vWzhO0ETMKUVo12XmXmII6eSUS4rsPTkY/siA=
github.com/hashicorp/go-plugin v0.0.0-20181212150838-f444068e8f5a h1:z9eTtDWoxYrJvtAD+xAepmTEfEmYgouWUytJ84UWAr8=
github.com/hashicorp/go-plugin v0.0.0-20181212150838-f444068e8f5a/go.mod h1:Ft7ju2vWzhO0ETMKUVo12XmXmII6eSUS4rsPTkY/siA=
github.com/hashicorp/yamux v0.0.0-20180604194846-3520598351bb h1:b5rjCoWHc7eqmAS4/qyk21ZsHyb6Mxv/jykxvNTkU4M=
github.com/hashicorp/yamux v0.0.0-20180604194846-3520598351bb/go.mod h1:+NfK9FKeTrX5uv1uIXGdwYDTeHna2qgaIlx54MXqjAM=
github.com/hashicorp/yamux v0.0.0-20181012175058-2f1d1f20f75d h1:kJCB4vdITiW1eC1vq2e6IsrXKrZit1bv/TDYFGMp4BQ=
github.com/hashicorp/yamux v0.0.0-20181012175058-2f1d1f20f75d/go.mod h1:+NfK9FKeTrX5uv1uIXGdwYDTeHna2qgaIlx54MXqjAM=
github.com/inconshreveable/mousetrap v1.0.0 h1:Z8tu5sraLXCXIcARxBp/8cbvlwVa7Z1NHg9XEKhtSvM=
github.com/inconshreveable/mousetrap v1.0.0/go.mod h1:PxqpIevigyE2G7u3NXJIT2ANytuPF1OarO4DADm73n8=
github.com/jmespath/go-jmespath v0.0.0-20180206201540-c2b33e8439af h1:pmfjZENx5imkbgOkpRUYLnmbU7UEFbjtDA2hxJ1ichM=
github.com/jmespath/go-jmespath v0.0.0-20180206201540-c2b33e8439af/go.mod h1:Nht3zPeWKUH0NzdCt2Blrr5ys8VGpn0CEB0cQHVjt7k=
github.com/kisielk/gotool v1.0.0/go.mod h1:XhKaO+MFFWcvkIS/tQcRk01m1F5IRFswLeQ+oQHNcck=
github.com/kr/pretty v0.1.0 h1:L/CwN0zerZDmRFUapSPitk6f+Q3+0za1rQkzVuMiMFI=
github.com/kr/pretty v0.1.0/go.mod h1:dAy3ld7l9f0ibDNOQOHHMYYIIbhfbHSm3C4ZsoJORNo=
github.com/kr/pty v1.1.1/go.mod h1:pFQYn66WHrOpPYNljwOMqo10TkYh1fy3cYio2l3bCsQ=
github.com/kr/pty v1.1.3/go.mod h1:pFQYn66WHrOpPYNljwOMqo10TkYh1fy3cYio2l3bCsQ=
github.com/kr/text v0.1.0 h1:45sCR5RtlFHMR4UwH9sdQ5TC8v0qDQCHnXt+kaKSTVE=
github.com/kr/text v0.1.0/go.mod h1:4Jbv+DJW3UT/LiOwJeYQe1efqtUx/iVham/4vfdArNI=
github.com/leonelquinteros/gotext v1.4.0 h1:2NHPCto5IoMXbrT0bldPrxj0qM5asOCwtb1aUQZ1tys=
github.com/leonelquinteros/gotext v1.4.0/go.mod h1:yZGXREmoGTtBvZHNcc+Yfug49G/2spuF/i/Qlsvz1Us=
github.com/lyraproj/data-protobuf v0.0.0-20181204212349-91f456158233 h1:QvJWOlEad8v+tkCHkEaSUsBX3M0VLZBvkZzXxoVPre4=
github.com/lyraproj/data-protobuf v0.0.0-20181204212349-91f456158233/go.mod h1:oQIFBu0fmkiSpSRROEgK5gnjQ/ZDrx3UdpRpT3791Gg=
github.com/lyraproj/data-protobuf v0.0.0-20181208172745-34888c107da2 h1:Cgo3WuZUmKqag2Pnw2UvKceev/EhiqeuvFkg5cqVGxk=
github.com/lyraproj/data-protobuf v0.0.0-20181208172745-34888c107da2/go.mod h1:oQIFBu0fmkiSpSRROEgK5gnjQ/ZDrx3UdpRpT3791Gg=
github.com/lyraproj/data-protobuf v0.0.0-20181217135414-3d508204b820 h1:fmQMG2XAvAhT5gt9PxXhY3+2iHJPBM1Y073MuNTZShM=
github.com/lyraproj/data-protobuf v0.0.0-20181217135414-3d508204b820/go.mod h1:oQIFBu0fmkiSpSRROEgK5gnjQ/ZDrx3UdpRpT3791Gg=
github.com/lyraproj/hiera v0.0.0-20181204214259-f3b301b0bb13 h1:T+JZnqSeneXLV3u/Wg2H7eGgRfJWehYwciJupDDRnmg=
github.com/lyraproj/hiera v0.0.0-20181204214259-f3b301b0bb13/go.mod h1:kG4rdjUqIe1a0PGgM5TYxD6RiK0lb94OJXUoj8PXtVk=
github.com/lyraproj/hiera v0.0.0-20181209022223-4ffb7c3f8587 h1:1XcodgEOvDublFjkSIkBs7USAegAEgboO771UsyQS/4=
github.com/lyraproj/hiera v0.0.0-20181209022223-4ffb7c3f8587/go.mod h1:kG4rdjUqIe1a0PGgM5TYxD6RiK0lb94OJXUoj8PXtVk=
github.com/lyraproj/issue v0.0.0-20181204205859-7ed1f9741f4a h1:NC+OjhnKHOTTBPZjTMHOWBElWyQwzKRbR76yEALwuCM=
github.com/lyraproj/issue v0.0.0-20181204205859-7ed1f9741f4a/go.mod h1:F3Zu9SjR6zROUIVdxgxuX0/Mi4npwgDRalQCNzCyzU0=
github.com/lyraproj/issue v0.0.0-20181208172701-8d203563a8dc h1:OD9e7aHLSyJcrwG1R/8JsDVIWevC7aJH+Yd09q/8e2I=
github.com/lyraproj/issue v0.0.0-20181208172701-8d203563a8dc/go.mod h1:F3Zu9SjR6zROUIVdxgxuX0/Mi4npwgDRalQCNzCyzU0=
github.com/lyraproj/puppet-evaluator v0.0.0-20181204213239-6c015035abd6/go.mod h1:JbCmhaM87Y+WDZGAddeIBq3uyMdR70YXPkvi/MrqXIU=
github.com/lyraproj/puppet-evaluator v0.0.0-20181204220310-d0b9569709cb h1:PWDkTkM9PVv/LuY+sZldYafw2LCxG6spTVf1+2Hc9lk=
github.com/lyraproj/puppet-evaluator v0.0.0-20181204220310-d0b9569709cb/go.mod h1:JbCmhaM87Y+WDZGAddeIBq3uyMdR70YXPkvi/MrqXIU=
github.com/lyraproj/puppet-evaluator v0.0.0-20181209222734-7595e8107b56/go.mod h1:JbCmhaM87Y+WDZGAddeIBq3uyMdR70YXPkvi/MrqXIU=
github.com/lyraproj/puppet-evaluator v0.0.0-20181210094924-a56e0957cf4e h1:vzszNiTKH47STYmfrNMrP4vlY/4Qd4N9zSinAuTgumE=
github.com/lyraproj/puppet-evaluator v0.0.0-20181210094924-a56e0957cf4e/go.mod h1:JbCmhaM87Y+WDZGAddeIBq3uyMdR70YXPkvi/MrqXIU=
github.com/lyraproj/puppet-evaluator v0.0.0-20181217142659-ae391a42a132/go.mod h1:zzujLCRGe29CXjx2PYphNjYQAnasgzsz+np2ww6d3Mo=
github.com/lyraproj/puppet-evaluator v0.0.0-20181217152942-a88a4196d4f1 h1:/aLjbf1H2Gv7QKvGQDT+WMTMO0s7PvbVTC0ioV8YjcA=
github.com/lyraproj/puppet-evaluator v0.0.0-20181217152942-a88a4196d4f1/go.mod h1:zzujLCRGe29CXjx2PYphNjYQAnasgzsz+np2ww6d3Mo=
github.com/lyraproj/puppet-evaluator v0.0.0-20181219140551-7a196a921fba/go.mod h1:zzujLCRGe29CXjx2PYphNjYQAnasgzsz+np2ww6d3Mo=
github.com/lyraproj/puppet-evaluator v0.0.0-20181219151004-0a639aaff730 h1:X7+v0GP3sY+74BOJnTjq3vv7KfyAGwxoAV6cnE/OTsM=
github.com/lyraproj/puppet-evaluator v0.0.0-20181219151004-0a639aaff730/go.mod h1:zzujLCRGe29CXjx2PYphNjYQAnasgzsz+np2ww6d3Mo=
github.com/lyraproj/puppet-evaluator v0.0.0-20181220110523-c35808ba183f h1:4PtexUpCiaXmH4+e6+xxcCfK4ItsNBnpLGuSI/rFJKg=
github.com/lyraproj/puppet-evaluator v0.0.0-20181220110523-c35808ba183f/go.mod h1:zzujLCRGe29CXjx2PYphNjYQAnasgzsz+np2ww6d3Mo=
github.com/lyraproj/puppet-parser v0.0.0-20181204211711-c9870a9ba412 h1:XwfJgpJx3gHcSkuF6/WUY3ggT+478PvI68FI1317TMs=
github.com/lyraproj/puppet-parser v0.0.0-20181204211711-c9870a9ba412/go.mod h1:8va5g/XEw+jP9jnwEXPmanUy/hD9+6iggnaioihPLP0=
github.com/lyraproj/puppet-parser v0.0.0-20181208173021-f0f246e04029 h1:AsY76OCNNhAevV/0jXyB4R0gk2cWyoCnSiS69nbCg0c=
github.com/lyraproj/puppet-parser v0.0.0-20181208173021-f0f246e04029/go.mod h1:8va5g/XEw+jP9jnwEXPmanUy/hD9+6iggnaioihPLP0=
github.com/lyraproj/puppet-parser v0.0.0-20181212205830-31c3104fe78d h1:iDn6XlJAiA+BuwG6L8xsCapPpc7jz24SGj9z7NQA1sg=
github.com/lyraproj/puppet-parser v0.0.0-20181212205830-31c3104fe78d/go.mod h1:8va5g/XEw+jP9jnwEXPmanUy/hD9+6iggnaioihPLP0=
github.com/lyraproj/puppet-workflow v0.0.0-20181208172956-1d36154f83ce h1:vRfbZID36t+DJ64SJa5jlQT5Irmnry4dFc71Lp6R9OM=
github.com/lyraproj/puppet-workflow v0.0.0-20181208172956-1d36154f83ce/go.mod h1:J9gIad5hNyW+JnOvsml/KR6fCkxQ5NdF9xLl6msmmwc=
github.com/lyraproj/semver v0.0.0-20181204205945-997412dbeb0c h1:KAi5TYfFQk26BXq68nXIQeoHxhqS62JinKoM8KJOSS8=
github.com/lyraproj/semver v0.0.0-20181204205945-997412dbeb0c/go.mod h1:KOdZKnEBdDb2iGPUnHiKpk3M5cvv949xMyj8XPqaMF0=
github.com/lyraproj/semver v0.0.0-20181208172232-d46047972da1 h1:fTUhhuf4oLFsSB/idS5vcw9fB981gn7tkX7NP4hyaxg=
github.com/lyraproj/semver v0.0.0-20181208172232-d46047972da1/go.mod h1:KOdZKnEBdDb2iGPUnHiKpk3M5cvv949xMyj8XPqaMF0=
github.com/lyraproj/semver v0.0.0-20181213164306-02ecea2cd6a2 h1:vb4PbiMtIXdhsOUinkkcqZiASDIZzXRhSG4yvNfE0tg=
github.com/lyraproj/semver v0.0.0-20181213164306-02ecea2cd6a2/go.mod h1:KOdZKnEBdDb2iGPUnHiKpk3M5cvv949xMyj8XPqaMF0=
github.com/lyraproj/servicesdk v0.0.0-20181204221600-1b64902bc7af h1:Ntyf9M90Rq+OiLtlRWk+3CiFB9yaIqq1IlpUomXK3GQ=
github.com/lyraproj/servicesdk v0.0.0-20181204221600-1b64902bc7af/go.mod h1:zBx+SvhBQI1p1HlNa8rKESGpuqSZtmr6YMU8yAKVYSw=
github.com/lyraproj/servicesdk v0.0.0-20181209231240-80a4a1c1d172/go.mod h1:oSSFmFmY1EIRDR/uy+H3gxOkUxhbdvcNwyae64oc57k=
github.com/lyraproj/servicesdk v0.0.0-20181210094845-530a38f3f66d h1:xb1KEB5NfIioCU7IA+fpn0r7Rb1SRzANOklbO6BBvhI=
github.com/lyraproj/servicesdk v0.0.0-20181210094845-530a38f3f66d/go.mod h1:oSSFmFmY1EIRDR/uy+H3gxOkUxhbdvcNwyae64oc57k=
github.com/lyraproj/servicesdk v0.0.0-20181210164015-44478739c189 h1:Ceg1ewcKzd5t21w8M/p9bS0enVeaY0h6fg2jgqTCftM=
github.com/lyraproj/servicesdk v0.0.0-20181210164015-44478739c189/go.mod h1:oSSFmFmY1EIRDR/uy+H3gxOkUxhbdvcNwyae64oc57k=
github.com/lyraproj/servicesdk v0.0.0-20181217152923-a34b842a6c63 h1:IPX2LY0Nhkrf0ilQb40NCxpq4pG4LsNkKIYKYNQDVlA=
github.com/lyraproj/servicesdk v0.0.0-20181217152923-a34b842a6c63/go.mod h1:4OKpXDuJ/3mZ6d5tZvCk0p62Vay9Um5V+vOMXHRXYuM=
github.com/lyraproj/servicesdk v0.0.0-20181219142950-09bc8fc747de/go.mod h1:UxAOgMidVQrg8Q7YB1nrShsfbBZwTIq5ED9aamLSStg=
github.com/lyraproj/servicesdk v0.0.0-20181219151107-1fe42a9bc57c h1:ck+W3N4YkWdttJ5SFkzaMy6dbNO31mjAinYeiZx4R6Y=
github.com/lyraproj/servicesdk v0.0.0-20181219151107-1fe42a9bc57c/go.mod h1:UxAOgMidVQrg8Q7YB1nrShsfbBZwTIq5ED9aamLSStg=
github.com/lyraproj/wfe v0.0.0-20181204224009-943c25dc5994 h1:ZwJOq+mh/Hii9u/IwBqSF2bx2H/SnsEZxn1wiKeZD5M=
github.com/lyraproj/wfe v0.0.0-20181204224009-943c25dc5994/go.mod h1:SVS1DHjix/qe430kkf0ezrq+X+MKHmRTtXq4vo85fac=
github.com/lyraproj/wfe v0.0.0-20181210095014-296f89773f83 h1:RFRvams5jsbTg5c05uUjbPZvK952YVQgeft8XTm5wsM=
github.com/lyraproj/wfe v0.0.0-20181210095014-296f89773f83/go.mod h1:IZ9YDuNZNAuSXg4ALKv6eCa7z94iwKbAKp+INGYxfoM=
github.com/lyraproj/wfe v0.0.0-20181219151031-c98d70bbd4a4 h1:XozeK3HyG3T+3Q+GCMAKB8TUIfYqllRBeyPserP+BuM=
github.com/lyraproj/wfe v0.0.0-20181219151031-c98d70bbd4a4/go.mod h1:lcvP3QwCpDHzmLp/3Lh3NQpnsaTi5ujPbSKRcN5TgQM=
github.com/mattn/go-colorable v0.0.9 h1:UVL0vNpWh04HeJXV0KLcaT7r06gOH2l4OW6ddYRUIY4=
github.com/mattn/go-colorable v0.0.9/go.mod h1:9vuHe8Xs5qXnSaW/c/ABM9alt+Vo+STaOChaDxuIBZU=
github.com/mattn/go-isatty v0.0.4 h1:bnP0vzxcAdeI1zdubAl5PjU6zsERjGZb7raWodagDYs=
github.com/mattn/go-isatty v0.0.4/go.mod h1:M+lRXTBqGeGNdLjl/ufCoiOlB5xdOkqRJdNxMWT7Zi4=
github.com/mgutz/ansi v0.0.0-20170206155736-9520e82c474b h1:j7+1HpAFS1zy5+Q4qx1fWh90gTKwiN4QCGoY9TWyyO4=
github.com/mgutz/ansi v0.0.0-20170206155736-9520e82c474b/go.mod h1:01TrycV0kFyexm33Z7vhZRXopbI8J3TDReVlkTgMUxE=
github.com/mitchellh/go-testing-interface v0.0.0-20171004221916-a61a99592b77 h1:7GoSOOW2jpsfkntVKaS2rAr1TJqfcxotyaUcuxoZSzg=
github.com/mitchellh/go-testing-interface v0.0.0-20171004221916-a61a99592b77/go.mod h1:kRemZodwjscx+RGhAo8eIhFbs2+BFgRtFPeD/KE+zxI=
github.com/mitchellh/go-testing-interface v1.0.0 h1:fzU/JVNcaqHQEcVFAKeR41fkiLdIPrefOvVG1VZ96U0=
github.com/mitchellh/go-testing-interface v1.0.0/go.mod h1:kRemZodwjscx+RGhAo8eIhFbs2+BFgRtFPeD/KE+zxI=
github.com/moovweb/rubex v0.0.1 h1:ly/bF6+2uxAciT7hvw+Uic5/s9l9SQW62sAJrJoa3f8=
github.com/oklog/run v1.0.0 h1:Ru7dDtJNOyC66gQ5dQmaCa0qIsAUFY3sFpK1Xk8igrw=
github.com/oklog/run v1.0.0/go.mod h1:dlhp/R75TPv97u0XWUtDeV/lRKWPKSdTuV0TZvrmrQA=
github.com/pmezard/go-difflib v1.0.0 h1:4DBwDE0NGyQoBHbLQYPwSUPoCMWR5BEzIk/f1lZbAQM=
github.com/pmezard/go-difflib v1.0.0/go.mod h1:iKH77koFhYxTK1pcRnkKkqfTogsbg7gZNVY4sRDYZ/4=
github.com/spf13/cobra v0.0.3 h1:ZlrZ4XsMRm04Fr5pSFxBgfND2EBVa1nLpiy1stUsX/8=
github.com/spf13/cobra v0.0.3/go.mod h1:1l0Ry5zgKvJasoi3XT1TypsSe7PqH0Sj9dhYf7v3XqQ=
github.com/spf13/pflag v1.0.3 h1:zPAT6CGy6wXeQ7NtTnaTerfKOsV6V6F8agHXFiazDkg=
github.com/spf13/pflag v1.0.3/go.mod h1:DYY7MBk1bdzusC3SYhjObp+wFpr4gzcvqqNjLnInEg4=
github.com/stretchr/testify v1.2.2 h1:bSDNvY7ZPG5RlJ8otE/7V6gMiyenm9RtJ7IUVIAoJ1w=
github.com/stretchr/testify v1.2.2/go.mod h1:a8OnRcib4nhh0OaRAV+Yts87kKdq0PP7pXfy6kDkUVs=
github.com/toqueteos/trie v0.0.0-20150530104557-56fed4a05683 h1:ej8ns+4aeQO+mm9VIzwnJElkqR0Vs6kTfIcvgyJFoMY=
github.com/toqueteos/trie v0.0.0-20150530104557-56fed4a05683/go.mod h1:Ywk48QhEqhU1+DwhMkJ2x7eeGxDHiGkAdc9+0DYcbsM=
golang.org/x/exp v0.0.0-20180321215751-8460e604b9de h1:xSjD6HQTqT0H/k60N5yYBtnN1OEkVy7WIo/DYyxKRO0=
golang.org/x/exp v0.0.0-20180321215751-8460e604b9de/go.mod h1:CJ0aWSM057203Lf6IL+f9T1iT9GByDxfZKAQTCR3kQA=
golang.org/x/exp v0.0.0-20181206211736-68cc7b1f272e h1:gTD8phFoxK/U3l0n5zSIC8MM5MQ2N19bEwBN7cEKNso=
golang.org/x/exp v0.0.0-20181206211736-68cc7b1f272e/go.mod h1:CJ0aWSM057203Lf6IL+f9T1iT9GByDxfZKAQTCR3kQA=
golang.org/x/exp v0.0.0-20181210123644-7d6377eee41f/go.mod h1:CJ0aWSM057203Lf6IL+f9T1iT9GByDxfZKAQTCR3kQA=
golang.org/x/exp v0.0.0-20181219184115-56fce82a7454/go.mod h1:CJ0aWSM057203Lf6IL+f9T1iT9GByDxfZKAQTCR3kQA=
golang.org/x/lint v0.0.0-20180702182130-06c8688daad7/go.mod h1:UVdnD1Gm6xHRNCYTkRU2/jEulfH38KcIWyp/GAMgvoE=
golang.org/x/lint v0.0.0-20181026193005-c67002cb31c3/go.mod h1:UVdnD1Gm6xHRNCYTkRU2/jEulfH38KcIWyp/GAMgvoE=
golang.org/x/lint v0.0.0-20181212231659-93c0bb5c8393/go.mod h1:UVdnD1Gm6xHRNCYTkRU2/jEulfH38KcIWyp/GAMgvoE=
golang.org/x/lint v0.0.0-20181217174547-8f45f776aaf1/go.mod h1:UVdnD1Gm6xHRNCYTkRU2/jEulfH38KcIWyp/GAMgvoE=
golang.org/x/net v0.0.0-20180724234803-3673e40ba225/go.mod h1:mL1N/T3taQHkDXs73rZJwtUhF3w3ftmwwsq0BUmARs4=
golang.org/x/net v0.0.0-20180826012351-8a410e7b638d/go.mod h1:mL1N/T3taQHkDXs73rZJwtUhF3w3ftmwwsq0BUmARs4=
golang.org/x/net v0.0.0-20181106065722-10aee1819953/go.mod h1:mL1N/T3taQHkDXs73rZJwtUhF3w3ftmwwsq0BUmARs4=
golang.org/x/net v0.0.0-20181201002055-351d144fa1fc h1:a3CU5tJYVj92DY2LaA1kUkrsqD5/3mLDhx2NcNqyW+0=
golang.org/x/net v0.0.0-20181201002055-351d144fa1fc/go.mod h1:mL1N/T3taQHkDXs73rZJwtUhF3w3ftmwwsq0BUmARs4=
golang.org/x/net v0.0.0-20181207154023-610586996380 h1:zPQexyRtNYBc7bcHmehl1dH6TB3qn8zytv8cBGLDNY0=
golang.org/x/net v0.0.0-20181207154023-610586996380/go.mod h1:mL1N/T3taQHkDXs73rZJwtUhF3w3ftmwwsq0BUmARs4=
golang.org/x/net v0.0.0-20181217023233-e147a9138326 h1:iCzOf0xz39Tstp+Tu/WwyGjUXCk34QhQORRxBeXXTA4=
golang.org/x/net v0.0.0-20181217023233-e147a9138326/go.mod h1:mL1N/T3taQHkDXs73rZJwtUhF3w3ftmwwsq0BUmARs4=
golang.org/x/oauth2 v0.0.0-20180821212333-d2e6202438be/go.mod h1:N/0e6XlmueqKjAGxoOufVs8QHGRruUQn6yWY3a++T0U=
golang.org/x/oauth2 v0.0.0-20181203162652-d668ce993890/go.mod h1:N/0e6XlmueqKjAGxoOufVs8QHGRruUQn6yWY3a++T0U=
golang.org/x/sync v0.0.0-20180314180146-1d60e4601c6f h1:wMNYb4v58l5UBM7MYRLPG6ZhfOqbKu7X5eyFl8ZhKvA=
golang.org/x/sync v0.0.0-20180314180146-1d60e4601c6f/go.mod h1:RxMgew5VJxzue5/jJTE5uejpjVlOe/izrB70Jof72aM=
golang.org/x/sync v0.0.0-20181108010431-42b317875d0f h1:Bl/8QSvNqXvPGPGXa2z5xUTmV7VDcZyvRZ+QQXkXTZQ=
golang.org/x/sync v0.0.0-20181108010431-42b317875d0f/go.mod h1:RxMgew5VJxzue5/jJTE5uejpjVlOe/izrB70Jof72aM=
golang.org/x/sys v0.0.0-20180830151530-49385e6e1522 h1:Ve1ORMCxvRmSXBwJK+t3Oy+V2vRW2OetUQBq4rJIkZE=
golang.org/x/sys v0.0.0-20180830151530-49385e6e1522/go.mod h1:STP8DvDyc/dI5b8T5hshtkjS+E42TnysNCUPdjciGhY=
golang.org/x/sys v0.0.0-20181208175041-ad97f365e150/go.mod h1:STP8DvDyc/dI5b8T5hshtkjS+E42TnysNCUPdjciGhY=
golang.org/x/sys v0.0.0-20181210030007-2a47403f2ae5 h1:SlFRMb9PEnqzqnBRCynVOhxv4vHjB2lnIoxK6p5nzFM=
golang.org/x/sys v0.0.0-20181210030007-2a47403f2ae5/go.mod h1:STP8DvDyc/dI5b8T5hshtkjS+E42TnysNCUPdjciGhY=
golang.org/x/sys v0.0.0-20181213200352-4d1cda033e06/go.mod h1:STP8DvDyc/dI5b8T5hshtkjS+E42TnysNCUPdjciGhY=
golang.org/x/sys v0.0.0-20181218192612-074acd46bca6/go.mod h1:STP8DvDyc/dI5b8T5hshtkjS+E42TnysNCUPdjciGhY=
golang.org/x/text v0.3.0 h1:g61tztE5qeGQ89tm6NTjjM9VPIm088od1l6aSorWRWg=
golang.org/x/text v0.3.0/go.mod h1:NqM8EUOU14njkJ3fqMW+pc6Ldnwhi/IjpwHt7yyuwOQ=
golang.org/x/tools v0.0.0-20180525024113-a5b4c53f6e8b/go.mod h1:n7NCudcB/nEzxVGmLbDWY5pfWTLqBcC2KZ6jyYvM4mQ=
golang.org/x/tools v0.0.0-20180828015842-6cd1fcedba52/go.mod h1:n7NCudcB/nEzxVGmLbDWY5pfWTLqBcC2KZ6jyYvM4mQ=
golang.org/x/tools v0.0.0-20181207222222-4c874b978acb/go.mod h1:n7NCudcB/nEzxVGmLbDWY5pfWTLqBcC2KZ6jyYvM4mQ=
golang.org/x/tools v0.0.0-20181210225255-6a3e9aa2ab77/go.mod h1:n7NCudcB/nEzxVGmLbDWY5pfWTLqBcC2KZ6jyYvM4mQ=
golang.org/x/tools v0.0.0-20181214171254-3c39ce7b6105/go.mod h1:n7NCudcB/nEzxVGmLbDWY5pfWTLqBcC2KZ6jyYvM4mQ=
golang.org/x/tools v0.0.0-20181219222714-6e267b5cc78e/go.mod h1:n7NCudcB/nEzxVGmLbDWY5pfWTLqBcC2KZ6jyYvM4mQ=
gonum.org/v1/gonum v0.0.0-20181203212826-ec146a97d707 h1:5w2imp8wAiiZoSfWgBJnggK4f8+d3stbcbkeVlt9QfI=
gonum.org/v1/gonum v0.0.0-20181203212826-ec146a97d707/go.mod h1:Y+Yx5eoAFn32cQvJDxZx5Dpnq+c3wtXuadVZAcxbbBo=
gonum.org/v1/gonum v0.0.0-20181210083604-572d9101fe4f h1:9+rg2sMn4mRm1SsnX5UHFZEJOp/dBRE6xZ6uvnVE+XI=
gonum.org/v1/gonum v0.0.0-20181210083604-572d9101fe4f/go.mod h1:Y+Yx5eoAFn32cQvJDxZx5Dpnq+c3wtXuadVZAcxbbBo=
gonum.org/v1/gonum v0.0.0-20181216103746-44a6721e0d61 h1:fx0ndAA1GeA8zuWN4zUrs389wU74OIRR0zNAxozuWp0=
gonum.org/v1/gonum v0.0.0-20181216103746-44a6721e0d61/go.mod h1:Y+Yx5eoAFn32cQvJDxZx5Dpnq+c3wtXuadVZAcxbbBo=
gonum.org/v1/netlib v0.0.0-20181029234149-ec6d1f5cefe6 h1:4WsZyVtkthqrHTbDCJfiTs8IWNYE4uvsSDgaV6xpp+o=
gonum.org/v1/netlib v0.0.0-20181029234149-ec6d1f5cefe6/go.mod h1:wa6Ws7BG/ESfp6dHfk7C6KdzKA7wR7u/rKwOGE66zvw=
google.golang.org/appengine v1.1.0/go.mod h1:EbEs0AVv82hx2wNQdGPgUI5lhzA/G0D9YwlJXL52JkM=
google.golang.org/appengine v1.3.0/go.mod h1:xpcJRLb0r/rnEns0DIKYYv+WjYCduHsrkT7/EB5XEv4=
google.golang.org/genproto v0.0.0-20180817151627-c66870c02cf8 h1:Nw54tB0rB7hY/N0NQvRW8DG4Yk3Q6T9cu9RcFQDu1tc=
google.golang.org/genproto v0.0.0-20180817151627-c66870c02cf8/go.mod h1:JiN7NxoALGmiZfu7CAH4rXhgtRTLTxftemlI0sWmxmc=
google.golang.org/genproto v0.0.0-20181202183823-bd91e49a0898 h1:yvw+zsSmSM02Z5H3ZdEV7B7Ql7eFrjQTnmByJvK+3J8=
google.golang.org/genproto v0.0.0-20181202183823-bd91e49a0898/go.mod h1:7Ep/1NZk928CDR8SjdVbjWNpdIf6nzjE3BTgJDr2Atg=
google.golang.org/genproto v0.0.0-20181219182458-5a97ab628bfb h1:dQshZyyJ5W/Xk8myF4GKBak1pZW6EywJuQ8+44EQhGA=
google.golang.org/genproto v0.0.0-20181219182458-5a97ab628bfb/go.mod h1:7Ep/1NZk928CDR8SjdVbjWNpdIf6nzjE3BTgJDr2Atg=
google.golang.org/grpc v1.14.0/go.mod h1:yo6s7OP7yaDglbqo1J04qKzAhqBH6lvTonzMVmEdcZw=
google.golang.org/grpc v1.16.0 h1:dz5IJGuC2BB7qXR5AyHNwAUBhZscK2xVez7mznh72sY=
google.golang.org/grpc v1.16.0/go.mod h1:0JHn/cJsOMiMfNA9+DeHDlAU7KAAB5GDlYFpa9MZMio=
google.golang.org/grpc v1.17.0 h1:TRJYBgMclJvGYn2rIMjj+h9KtMt5r1Ij7ODVRIZkwhk=
google.golang.org/grpc v1.17.0/go.mod h1:6QZJwpn2B+Zp71q/5VxRsJ6NXXVCE5NRUHRo+f3cWCs=
gopkg.in/check.v1 v0.0.0-20161208181325-20d25e280405 h1:yhCVgyC4o1eVCa2tZl7eS0r+SDo693bJlVdllGtEeKM=
gopkg.in/check.v1 v0.0.0-20161208181325-20d25e280405/go.mod h1:Co6ibVJAznAaIkqp8huTwlJQCZ016jof/cbN4VW5Yz0=
gopkg.in/check.v1 v1.0.0-20180628173108-788fd7840127 h1:qIbj1fsPNlZgppZ+VLlY7N33q108Sa+fhmuc+sWQYwY=
gopkg.in/check.v1 v1.0.0-20180628173108-788fd7840127/go.mod h1:Co6ibVJAznAaIkqp8huTwlJQCZ016jof/cbN4VW5Yz0=
gopkg.in/src-d/enry.v1 v1.6.7 h1:9989t5TGSGWvtjzG9kPCQUNrZqj4ZkYnClqO5Yi80eE=
gopkg.in/src-d/enry.v1 v1.6.7/go.mod h1:lDDelHa5/fOO+o8klI8JOOoMszXxhqCYOgqFS2mnxQA=
gopkg.in/toqueteos/substring.v1 v1.0.2 h1:urLqCeMm6x/eTuQa1oZerNw8N1KNOIp5hD5kGL7lFsE=
gopkg.in/toqueteos/substring.v1 v1.0.2/go.mod h1:Eb2Z1UYehlVK8LYW2WBVR2rwbujsz3aX8XDrM1vbNew=
gopkg.in/yaml.v2 v2.2.2 h1:ZCJp+EgiOT7lHqUV2J862kp8Qj64Jo6az82+3Td9dZw=
gopkg.in/yaml.v2 v2.2.2/go.mod h1:hI93XBmqTisBFMUTm0b8Fm+jr3Dg1NNxqwp+5A1VGuI=
honnef.co/go/tools v0.0.0-20180728063816-88497007e858/go.mod h1:rf3lG4BRIbNafJWhAfAdb/ePZxsR/4RtNHQocxwk9r4=
honnef.co/go/tools v0.0.0-20180920025451-e3ad64cb4ed3/go.mod h1:rf3lG4BRIbNafJWhAfAdb/ePZxsR/4RtNHQocxwk9r4=
