cloud.google.com/go v0.26.0/go.mod h1:aQUYkXzVsufM+DwF1aE+0xfcU+56JwCaLick0ClmMTw=
github.com/aws/aws-sdk-go v1.16.18 h1:ZXmG9Uexu2f2kKK0Onlod3Hl4X77qQvCGx2725fSubI=
github.com/aws/aws-sdk-go v1.16.18/go.mod h1:KmX6BPdI08NWTb3/sm4ZGu5ShLoqVDhKgpiN924inxo=
github.com/bmatcuk/doublestar v1.1.1 h1:YroD6BJCZBYx06yYFEWvUuKVWQn3vLLQAVmDmvTSaiQ=
github.com/bmatcuk/doublestar v1.1.1/go.mod h1:UD6OnuiIn0yFxxA2le/rnRU1G4RaI4UvFv1sNto9p6w=
github.com/boltdb/bolt v1.3.1 h1:JQmyP4ZBrce+ZQu0dY660FMfatumYDLun9hBCUVIkF4=
github.com/boltdb/bolt v1.3.1/go.mod h1:clJnj/oiGkjum5o1McbSZDSLxVThjynRyGBgiAx27Ps=
github.com/client9/misspell v0.3.4/go.mod h1:qj6jICC3Q7zFZvVWo7KLAzC3yx5G7kyvSDkc90ppPyw=
github.com/davecgh/go-spew v1.1.0/go.mod h1:J7Y8YcW2NihsgmVo/mv3lAwl/skON4iLHjSsI+c5H38=
github.com/davecgh/go-spew v1.1.1 h1:vj9j/u1bqnvCEfJOwUhtlOARqs3+rkHYY13jYWTU97c=
github.com/davecgh/go-spew v1.1.1/go.mod h1:J7Y8YcW2NihsgmVo/mv3lAwl/skON4iLHjSsI+c5H38=
github.com/gobwas/glob v0.2.3/go.mod h1:d3Ez4x06l9bZtSvzIay5+Yzi0fmZzPgnTbPcKjJAkT8=
github.com/golang/glog v0.0.0-20160126235308-23def4e6c14b/go.mod h1:SBH7ygxi8pfUlaOkMMuAQtPIUF8ecWP5IEl/CR7VP2Q=
github.com/golang/mock v1.1.1/go.mod h1:oTYuIxOrZwtPieC+H1uAHpcLFnEyAGVDL/k47Jfbm0A=
github.com/golang/protobuf v1.2.0 h1:P3YflyNX/ehuJFLhxviNdFxQPkGK5cDcApsge1SqnvM=
github.com/golang/protobuf v1.2.0/go.mod h1:6lQm79b+lXiMfvg/cZm0SGofjICqVBUtrP5yJMmIC1U=
github.com/hashicorp/go-hclog v0.0.0-20180709165350-ff2cf002a8dd/go.mod h1:9bjs9uLqI8l75knNv3lV1kA55veR+WUPSiKIWcQHudI=
github.com/hashicorp/go-hclog v0.0.0-20181001195459-61d530d6c27f/go.mod h1:5CU+agLiy3J7N7QjHK5d05KxGsuXiQLrjA0H7acj2lQ=
github.com/hashicorp/go-hclog v0.0.0-20190109152822-4783caec6f2e h1:SS6R03q1M5bxjbOL2JziQUUu7opiRocL4R2H5Y2I6rY=
github.com/hashicorp/go-hclog v0.0.0-20190109152822-4783caec6f2e/go.mod h1:5CU+agLiy3J7N7QjHK5d05KxGsuXiQLrjA0H7acj2lQ=
github.com/hashicorp/go-plugin v0.0.0-20181212150838-f444068e8f5a h1:z9eTtDWoxYrJvtAD+xAepmTEfEmYgouWUytJ84UWAr8=
github.com/hashicorp/go-plugin v0.0.0-20181212150838-f444068e8f5a/go.mod h1:Ft7ju2vWzhO0ETMKUVo12XmXmII6eSUS4rsPTkY/siA=
github.com/hashicorp/yamux v0.0.0-20180604194846-3520598351bb h1:b5rjCoWHc7eqmAS4/qyk21ZsHyb6Mxv/jykxvNTkU4M=
github.com/hashicorp/yamux v0.0.0-20180604194846-3520598351bb/go.mod h1:+NfK9FKeTrX5uv1uIXGdwYDTeHna2qgaIlx54MXqjAM=
github.com/jmespath/go-jmespath v0.0.0-20180206201540-c2b33e8439af h1:pmfjZENx5imkbgOkpRUYLnmbU7UEFbjtDA2hxJ1ichM=
github.com/jmespath/go-jmespath v0.0.0-20180206201540-c2b33e8439af/go.mod h1:Nht3zPeWKUH0NzdCt2Blrr5ys8VGpn0CEB0cQHVjt7k=
github.com/kisielk/gotool v1.0.0/go.mod h1:XhKaO+MFFWcvkIS/tQcRk01m1F5IRFswLeQ+oQHNcck=
github.com/leonelquinteros/gotext v1.4.0 h1:2NHPCto5IoMXbrT0bldPrxj0qM5asOCwtb1aUQZ1tys=
github.com/leonelquinteros/gotext v1.4.0/go.mod h1:yZGXREmoGTtBvZHNcc+Yfug49G/2spuF/i/Qlsvz1Us=
github.com/lyraproj/data-protobuf v0.0.0-20181204212349-91f456158233/go.mod h1:oQIFBu0fmkiSpSRROEgK5gnjQ/ZDrx3UdpRpT3791Gg=
github.com/lyraproj/data-protobuf v0.0.0-20181217135414-3d508204b820 h1:fmQMG2XAvAhT5gt9PxXhY3+2iHJPBM1Y073MuNTZShM=
github.com/lyraproj/data-protobuf v0.0.0-20181217135414-3d508204b820/go.mod h1:oQIFBu0fmkiSpSRROEgK5gnjQ/ZDrx3UdpRpT3791Gg=
github.com/lyraproj/hiera v0.0.0-20181209022223-4ffb7c3f8587 h1:1XcodgEOvDublFjkSIkBs7USAegAEgboO771UsyQS/4=
github.com/lyraproj/hiera v0.0.0-20181209022223-4ffb7c3f8587/go.mod h1:kG4rdjUqIe1a0PGgM5TYxD6RiK0lb94OJXUoj8PXtVk=
github.com/lyraproj/issue v0.0.0-20181204205859-7ed1f9741f4a/go.mod h1:F3Zu9SjR6zROUIVdxgxuX0/Mi4npwgDRalQCNzCyzU0=
github.com/lyraproj/issue v0.0.0-20181208172701-8d203563a8dc h1:OD9e7aHLSyJcrwG1R/8JsDVIWevC7aJH+Yd09q/8e2I=
github.com/lyraproj/issue v0.0.0-20181208172701-8d203563a8dc/go.mod h1:F3Zu9SjR6zROUIVdxgxuX0/Mi4npwgDRalQCNzCyzU0=
github.com/lyraproj/puppet-evaluator v0.0.0-20181204213239-6c015035abd6/go.mod h1:JbCmhaM87Y+WDZGAddeIBq3uyMdR70YXPkvi/MrqXIU=
github.com/lyraproj/puppet-evaluator v0.0.0-20181219140551-7a196a921fba/go.mod h1:zzujLCRGe29CXjx2PYphNjYQAnasgzsz+np2ww6d3Mo=
github.com/lyraproj/puppet-evaluator v0.0.0-20181219151004-0a639aaff730/go.mod h1:zzujLCRGe29CXjx2PYphNjYQAnasgzsz+np2ww6d3Mo=
github.com/lyraproj/puppet-evaluator v0.0.0-20190114104021-a0233aa3f992 h1:6f6YlBg5p7Jtu6zlDMe322zksOFfvhU/zjnG5zeyKgs=
github.com/lyraproj/puppet-evaluator v0.0.0-20190114104021-a0233aa3f992/go.mod h1:zzujLCRGe29CXjx2PYphNjYQAnasgzsz+np2ww6d3Mo=
github.com/lyraproj/puppet-parser v0.0.0-20181204211711-c9870a9ba412/go.mod h1:8va5g/XEw+jP9jnwEXPmanUy/hD9+6iggnaioihPLP0=
github.com/lyraproj/puppet-parser v0.0.0-20181212205830-31c3104fe78d h1:iDn6XlJAiA+BuwG6L8xsCapPpc7jz24SGj9z7NQA1sg=
github.com/lyraproj/puppet-parser v0.0.0-20181212205830-31c3104fe78d/go.mod h1:8va5g/XEw+jP9jnwEXPmanUy/hD9+6iggnaioihPLP0=
github.com/lyraproj/puppet-workflow v0.0.0-20181219154027-66b46934b0c2 h1:7Uo2GeVP3CjaWPN7za7iSqxZTxeIHoSmHHazSHeLKYw=
github.com/lyraproj/puppet-workflow v0.0.0-20181219154027-66b46934b0c2/go.mod h1:ckTBJbmNS88irPr2+08u9RU29HLA+ib1N+3rbImWGZc=
github.com/lyraproj/semver v0.0.0-20181204205945-997412dbeb0c/go.mod h1:KOdZKnEBdDb2iGPUnHiKpk3M5cvv949xMyj8XPqaMF0=
github.com/lyraproj/semver v0.0.0-20181213164306-02ecea2cd6a2 h1:vb4PbiMtIXdhsOUinkkcqZiASDIZzXRhSG4yvNfE0tg=
github.com/lyraproj/semver v0.0.0-20181213164306-02ecea2cd6a2/go.mod h1:KOdZKnEBdDb2iGPUnHiKpk3M5cvv949xMyj8XPqaMF0=
github.com/lyraproj/servicesdk v0.0.0-20181219151107-1fe42a9bc57c/go.mod h1:UxAOgMidVQrg8Q7YB1nrShsfbBZwTIq5ED9aamLSStg=
github.com/lyraproj/servicesdk v0.0.0-20190114115155-827c6a18cad5 h1:ZsCx4AV9ASz/PLX2HtBc37g25xXgklbJaIQLEMZDNog=
github.com/lyraproj/servicesdk v0.0.0-20190114115155-827c6a18cad5/go.mod h1:AoUr583WH52SBghq3Btx47pbE467w8hbkEu7Jr1CtjE=
github.com/lyraproj/wfe v0.0.0-20190114115238-35b40418038c h1:lUv4A2mcHJv+/+prL5uaDoCxbbDO0p+U0J01h0Xg6vQ=
github.com/lyraproj/wfe v0.0.0-20190114115238-35b40418038c/go.mod h1:xfE4gUD80sc8wKFSto9G+l00ekSpCnCF4z+P5y2h49k=
github.com/mattn/go-colorable v0.0.9 h1:UVL0vNpWh04HeJXV0KLcaT7r06gOH2l4OW6ddYRUIY4=
github.com/mattn/go-colorable v0.0.9/go.mod h1:9vuHe8Xs5qXnSaW/c/ABM9alt+Vo+STaOChaDxuIBZU=
github.com/mattn/go-isatty v0.0.4 h1:bnP0vzxcAdeI1zdubAl5PjU6zsERjGZb7raWodagDYs=
github.com/mattn/go-isatty v0.0.4/go.mod h1:M+lRXTBqGeGNdLjl/ufCoiOlB5xdOkqRJdNxMWT7Zi4=
github.com/mgutz/ansi v0.0.0-20170206155736-9520e82c474b h1:j7+1HpAFS1zy5+Q4qx1fWh90gTKwiN4QCGoY9TWyyO4=
github.com/mgutz/ansi v0.0.0-20170206155736-9520e82c474b/go.mod h1:01TrycV0kFyexm33Z7vhZRXopbI8J3TDReVlkTgMUxE=
github.com/mitchellh/go-testing-interface v0.0.0-20171004221916-a61a99592b77 h1:7GoSOOW2jpsfkntVKaS2rAr1TJqfcxotyaUcuxoZSzg=
github.com/mitchellh/go-testing-interface v0.0.0-20171004221916-a61a99592b77/go.mod h1:kRemZodwjscx+RGhAo8eIhFbs2+BFgRtFPeD/KE+zxI=
github.com/oklog/run v1.0.0 h1:Ru7dDtJNOyC66gQ5dQmaCa0qIsAUFY3sFpK1Xk8igrw=
github.com/oklog/run v1.0.0/go.mod h1:dlhp/R75TPv97u0XWUtDeV/lRKWPKSdTuV0TZvrmrQA=
github.com/pmezard/go-difflib v1.0.0 h1:4DBwDE0NGyQoBHbLQYPwSUPoCMWR5BEzIk/f1lZbAQM=
github.com/pmezard/go-difflib v1.0.0/go.mod h1:iKH77koFhYxTK1pcRnkKkqfTogsbg7gZNVY4sRDYZ/4=
github.com/spf13/cobra v0.0.3 h1:ZlrZ4XsMRm04Fr5pSFxBgfND2EBVa1nLpiy1stUsX/8=
github.com/spf13/cobra v0.0.3/go.mod h1:1l0Ry5zgKvJasoi3XT1TypsSe7PqH0Sj9dhYf7v3XqQ=
github.com/spf13/pflag v1.0.3 h1:zPAT6CGy6wXeQ7NtTnaTerfKOsV6V6F8agHXFiazDkg=
github.com/spf13/pflag v1.0.3/go.mod h1:DYY7MBk1bdzusC3SYhjObp+wFpr4gzcvqqNjLnInEg4=
github.com/stretchr/objx v0.1.0/go.mod h1:HFkY916IF+rwdDfMAkV7OtwuqBVzrE8GR6GFx+wExME=
github.com/stretchr/testify v1.2.2/go.mod h1:a8OnRcib4nhh0OaRAV+Yts87kKdq0PP7pXfy6kDkUVs=
github.com/stretchr/testify v1.3.0 h1:TivCn/peBQ7UY8ooIcPgZFpTNSz0Q2U6UrFlUfqbe0Q=
github.com/stretchr/testify v1.3.0/go.mod h1:M5WIy9Dh21IEIfnGCwXGc5bZfKNJtfHm1UVUgZn+9EI=
github.com/toqueteos/trie v0.0.0-20150530104557-56fed4a05683 h1:ej8ns+4aeQO+mm9VIzwnJElkqR0Vs6kTfIcvgyJFoMY=
github.com/toqueteos/trie v0.0.0-20150530104557-56fed4a05683/go.mod h1:Ywk48QhEqhU1+DwhMkJ2x7eeGxDHiGkAdc9+0DYcbsM=
golang.org/x/exp v0.0.0-20180321215751-8460e604b9de/go.mod h1:CJ0aWSM057203Lf6IL+f9T1iT9GByDxfZKAQTCR3kQA=
golang.org/x/lint v0.0.0-20181026193005-c67002cb31c3/go.mod h1:UVdnD1Gm6xHRNCYTkRU2/jEulfH38KcIWyp/GAMgvoE=
golang.org/x/net v0.0.0-20180826012351-8a410e7b638d/go.mod h1:mL1N/T3taQHkDXs73rZJwtUhF3w3ftmwwsq0BUmARs4=
golang.org/x/net v0.0.0-20181217023233-e147a9138326/go.mod h1:mL1N/T3taQHkDXs73rZJwtUhF3w3ftmwwsq0BUmARs4=
golang.org/x/net v0.0.0-20190110200230-915654e7eabc h1:Yx9JGxI1SBhVLFjpAkWMaO1TF+xyqtHLjZpvQboJGiM=
golang.org/x/net v0.0.0-20190110200230-915654e7eabc/go.mod h1:mL1N/T3taQHkDXs73rZJwtUhF3w3ftmwwsq0BUmARs4=
golang.org/x/oauth2 v0.0.0-20180821212333-d2e6202438be/go.mod h1:N/0e6XlmueqKjAGxoOufVs8QHGRruUQn6yWY3a++T0U=
golang.org/x/sync v0.0.0-20180314180146-1d60e4601c6f/go.mod h1:RxMgew5VJxzue5/jJTE5uejpjVlOe/izrB70Jof72aM=
golang.org/x/sys v0.0.0-20180830151530-49385e6e1522 h1:Ve1ORMCxvRmSXBwJK+t3Oy+V2vRW2OetUQBq4rJIkZE=
golang.org/x/sys v0.0.0-20180830151530-49385e6e1522/go.mod h1:STP8DvDyc/dI5b8T5hshtkjS+E42TnysNCUPdjciGhY=
golang.org/x/text v0.3.0 h1:g61tztE5qeGQ89tm6NTjjM9VPIm088od1l6aSorWRWg=
golang.org/x/text v0.3.0/go.mod h1:NqM8EUOU14njkJ3fqMW+pc6Ldnwhi/IjpwHt7yyuwOQ=
golang.org/x/tools v0.0.0-20180525024113-a5b4c53f6e8b/go.mod h1:n7NCudcB/nEzxVGmLbDWY5pfWTLqBcC2KZ6jyYvM4mQ=
golang.org/x/tools v0.0.0-20180828015842-6cd1fcedba52/go.mod h1:n7NCudcB/nEzxVGmLbDWY5pfWTLqBcC2KZ6jyYvM4mQ=
gonum.org/v1/gonum v0.0.0-20190114035756-24f0d081ca3d h1:mAX5pvsHqxY/xyMHy76Fc822ycqkD0QpyxlsxKhVbBg=
gonum.org/v1/gonum v0.0.0-20190114035756-24f0d081ca3d/go.mod h1:Y+Yx5eoAFn32cQvJDxZx5Dpnq+c3wtXuadVZAcxbbBo=
google.golang.org/appengine v1.1.0/go.mod h1:EbEs0AVv82hx2wNQdGPgUI5lhzA/G0D9YwlJXL52JkM=
google.golang.org/genproto v0.0.0-20180817151627-c66870c02cf8 h1:Nw54tB0rB7hY/N0NQvRW8DG4Yk3Q6T9cu9RcFQDu1tc=
google.golang.org/genproto v0.0.0-20180817151627-c66870c02cf8/go.mod h1:JiN7NxoALGmiZfu7CAH4rXhgtRTLTxftemlI0sWmxmc=
google.golang.org/grpc v1.14.0/go.mod h1:yo6s7OP7yaDglbqo1J04qKzAhqBH6lvTonzMVmEdcZw=
google.golang.org/grpc v1.17.0 h1:TRJYBgMclJvGYn2rIMjj+h9KtMt5r1Ij7ODVRIZkwhk=
google.golang.org/grpc v1.17.0/go.mod h1:6QZJwpn2B+Zp71q/5VxRsJ6NXXVCE5NRUHRo+f3cWCs=
gopkg.in/check.v1 v0.0.0-20161208181325-20d25e280405/go.mod h1:Co6ibVJAznAaIkqp8huTwlJQCZ016jof/cbN4VW5Yz0=
gopkg.in/src-d/enry.v1 v1.6.7 h1:9989t5TGSGWvtjzG9kPCQUNrZqj4ZkYnClqO5Yi80eE=
gopkg.in/src-d/enry.v1 v1.6.7/go.mod h1:lDDelHa5/fOO+o8klI8JOOoMszXxhqCYOgqFS2mnxQA=
gopkg.in/toqueteos/substring.v1 v1.0.2 h1:urLqCeMm6x/eTuQa1oZerNw8N1KNOIp5hD5kGL7lFsE=
gopkg.in/toqueteos/substring.v1 v1.0.2/go.mod h1:Eb2Z1UYehlVK8LYW2WBVR2rwbujsz3aX8XDrM1vbNew=
gopkg.in/yaml.v2 v2.2.2 h1:ZCJp+EgiOT7lHqUV2J862kp8Qj64Jo6az82+3Td9dZw=
gopkg.in/yaml.v2 v2.2.2/go.mod h1:hI93XBmqTisBFMUTm0b8Fm+jr3Dg1NNxqwp+5A1VGuI=
honnef.co/go/tools v0.0.0-20180728063816-88497007e858/go.mod h1:rf3lG4BRIbNafJWhAfAdb/ePZxsR/4RtNHQocxwk9r4=
